
Microsoft Visual Studio Solution File, Format Version 12.00
# Visual Studio 15
VisualStudioVersion = 15.0.28307.705
MinimumVisualStudioVersion = 10.0.40219.1
Project("{FAE04EC0-301F-11D3-BF4B-00C04F79EFBC}") = "App02_TipoPaginaXF.Android", "App02_TipoPaginaXF\App02_TipoPaginaXF.Android\App02_TipoPaginaXF.Android.csproj", "{E7270FBB-17B1-4B39-B11F-39886A515D50}"
EndProject
Project("{FAE04EC0-301F-11D3-BF4B-00C04F79EFBC}") = "App02_TipoPaginaXF.iOS", "App02_TipoPaginaXF\App02_TipoPaginaXF.iOS\App02_TipoPaginaXF.iOS.csproj", "{F4C2C393-52AB-49A7-9DA5-DA88D644C426}"
EndProject
Project("{FAE04EC0-301F-11D3-BF4B-00C04F79EFBC}") = "App02_TipoPaginaXF.UWP", "App02_TipoPaginaXF\App02_TipoPaginaXF.UWP\App02_TipoPaginaXF.UWP.csproj", "{986114FA-DC21-4001-AF0C-C018FFAB64C5}"
EndProject
Project("{FAE04EC0-301F-11D3-BF4B-00C04F79EFBC}") = "App02_TipoPaginaXF", "App02_TipoPaginaXF\App02_TipoPaginaXF\App02_TipoPaginaXF.csproj", "{D0DBF8DA-085B-4D6B-A2FE-A8301E97E639}"
EndProject
Global
	GlobalSection(SolutionConfigurationPlatforms) = preSolution
		Ad-Hoc|Any CPU = Ad-Hoc|Any CPU
		Ad-Hoc|ARM = Ad-Hoc|ARM
		Ad-Hoc|iPhone = Ad-Hoc|iPhone
		Ad-Hoc|iPhoneSimulator = Ad-Hoc|iPhoneSimulator
		Ad-Hoc|x64 = Ad-Hoc|x64
		Ad-Hoc|x86 = Ad-Hoc|x86
		AppStore|Any CPU = AppStore|Any CPU
		AppStore|ARM = AppStore|ARM
		AppStore|iPhone = AppStore|iPhone
		AppStore|iPhoneSimulator = AppStore|iPhoneSimulator
		AppStore|x64 = AppStore|x64
		AppStore|x86 = AppStore|x86
		Debug|Any CPU = Debug|Any CPU
		Debug|ARM = Debug|ARM
		Debug|iPhone = Debug|iPhone
		Debug|iPhoneSimulator = Debug|iPhoneSimulator
		Debug|x64 = Debug|x64
		Debug|x86 = Debug|x86
		Release|Any CPU = Release|Any CPU
		Release|ARM = Release|ARM
		Release|iPhone = Release|iPhone
		Release|iPhoneSimulator = Release|iPhoneSimulator
		Release|x64 = Release|x64
		Release|x86 = Release|x86
	EndGlobalSection
	GlobalSection(ProjectConfigurationPlatforms) = postSolution
		{E7270FBB-17B1-4B39-B11F-39886A515D50}.Ad-Hoc|Any CPU.ActiveCfg = Release|Any CPU
		{E7270FBB-17B1-4B39-B11F-39886A515D50}.Ad-Hoc|Any CPU.Build.0 = Release|Any CPU
		{E7270FBB-17B1-4B39-B11F-39886A515D50}.Ad-Hoc|Any CPU.Deploy.0 = Release|Any CPU
		{E7270FBB-17B1-4B39-B11F-39886A515D50}.Ad-Hoc|ARM.ActiveCfg = Release|Any CPU
		{E7270FBB-17B1-4B39-B11F-39886A515D50}.Ad-Hoc|ARM.Build.0 = Release|Any CPU
		{E7270FBB-17B1-4B39-B11F-39886A515D50}.Ad-Hoc|ARM.Deploy.0 = Release|Any CPU
		{E7270FBB-17B1-4B39-B11F-39886A515D50}.Ad-Hoc|iPhone.ActiveCfg = Release|Any CPU
		{E7270FBB-17B1-4B39-B11F-39886A515D50}.Ad-Hoc|iPhone.Build.0 = Release|Any CPU
		{E7270FBB-17B1-4B39-B11F-39886A515D50}.Ad-Hoc|iPhone.Deploy.0 = Release|Any CPU
		{E7270FBB-17B1-4B39-B11F-39886A515D50}.Ad-Hoc|iPhoneSimulator.ActiveCfg = Release|Any CPU
		{E7270FBB-17B1-4B39-B11F-39886A515D50}.Ad-Hoc|iPhoneSimulator.Build.0 = Release|Any CPU
		{E7270FBB-17B1-4B39-B11F-39886A515D50}.Ad-Hoc|iPhoneSimulator.Deploy.0 = Release|Any CPU
		{E7270FBB-17B1-4B39-B11F-39886A515D50}.Ad-Hoc|x64.ActiveCfg = Release|Any CPU
		{E7270FBB-17B1-4B39-B11F-39886A515D50}.Ad-Hoc|x64.Build.0 = Release|Any CPU
		{E7270FBB-17B1-4B39-B11F-39886A515D50}.Ad-Hoc|x64.Deploy.0 = Release|Any CPU
		{E7270FBB-17B1-4B39-B11F-39886A515D50}.Ad-Hoc|x86.ActiveCfg = Release|Any CPU
		{E7270FBB-17B1-4B39-B11F-39886A515D50}.Ad-Hoc|x86.Build.0 = Release|Any CPU
		{E7270FBB-17B1-4B39-B11F-39886A515D50}.Ad-Hoc|x86.Deploy.0 = Release|Any CPU
		{E7270FBB-17B1-4B39-B11F-39886A515D50}.AppStore|Any CPU.ActiveCfg = Release|Any CPU
		{E7270FBB-17B1-4B39-B11F-39886A515D50}.AppStore|Any CPU.Build.0 = Release|Any CPU
		{E7270FBB-17B1-4B39-B11F-39886A515D50}.AppStore|Any CPU.Deploy.0 = Release|Any CPU
		{E7270FBB-17B1-4B39-B11F-39886A515D50}.AppStore|ARM.ActiveCfg = Release|Any CPU
		{E7270FBB-17B1-4B39-B11F-39886A515D50}.AppStore|ARM.Build.0 = Release|Any CPU
		{E7270FBB-17B1-4B39-B11F-39886A515D50}.AppStore|ARM.Deploy.0 = Release|Any CPU
		{E7270FBB-17B1-4B39-B11F-39886A515D50}.AppStore|iPhone.ActiveCfg = Release|Any CPU
		{E7270FBB-17B1-4B39-B11F-39886A515D50}.AppStore|iPhone.Build.0 = Release|Any CPU
		{E7270FBB-17B1-4B39-B11F-39886A515D50}.AppStore|iPhone.Deploy.0 = Release|Any CPU
		{E7270FBB-17B1-4B39-B11F-39886A515D50}.AppStore|iPhoneSimulator.ActiveCfg = Release|Any CPU
		{E7270FBB-17B1-4B39-B11F-39886A515D50}.AppStore|iPhoneSimulator.Build.0 = Release|Any CPU
		{E7270FBB-17B1-4B39-B11F-39886A515D50}.AppStore|iPhoneSimulator.Deploy.0 = Release|Any CPU
		{E7270FBB-17B1-4B39-B11F-39886A515D50}.AppStore|x64.ActiveCfg = Release|Any CPU
		{E7270FBB-17B1-4B39-B11F-39886A515D50}.AppStore|x64.Build.0 = Release|Any CPU
		{E7270FBB-17B1-4B39-B11F-39886A515D50}.AppStore|x64.Deploy.0 = Release|Any CPU
		{E7270FBB-17B1-4B39-B11F-39886A515D50}.AppStore|x86.ActiveCfg = Release|Any CPU
		{E7270FBB-17B1-4B39-B11F-39886A515D50}.AppStore|x86.Build.0 = Release|Any CPU
		{E7270FBB-17B1-4B39-B11F-39886A515D50}.AppStore|x86.Deploy.0 = Release|Any CPU
		{E7270FBB-17B1-4B39-B11F-39886A515D50}.Debug|Any CPU.ActiveCfg = Debug|Any CPU
		{E7270FBB-17B1-4B39-B11F-39886A515D50}.Debug|Any CPU.Build.0 = Debug|Any CPU
		{E7270FBB-17B1-4B39-B11F-39886A515D50}.Debug|Any CPU.Deploy.0 = Debug|Any CPU
		{E7270FBB-17B1-4B39-B11F-39886A515D50}.Debug|ARM.ActiveCfg = Debug|Any CPU
		{E7270FBB-17B1-4B39-B11F-39886A515D50}.Debug|ARM.Build.0 = Debug|Any CPU
		{E7270FBB-17B1-4B39-B11F-39886A515D50}.Debug|ARM.Deploy.0 = Debug|Any CPU
		{E7270FBB-17B1-4B39-B11F-39886A515D50}.Debug|iPhone.ActiveCfg = Debug|Any CPU
		{E7270FBB-17B1-4B39-B11F-39886A515D50}.Debug|iPhone.Build.0 = Debug|Any CPU
		{E7270FBB-17B1-4B39-B11F-39886A515D50}.Debug|iPhone.Deploy.0 = Debug|Any CPU
		{E7270FBB-17B1-4B39-B11F-39886A515D50}.Debug|iPhoneSimulator.ActiveCfg = Debug|Any CPU
		{E7270FBB-17B1-4B39-B11F-39886A515D50}.Debug|iPhoneSimulator.Build.0 = Debug|Any CPU
		{E7270FBB-17B1-4B39-B11F-39886A515D50}.Debug|iPhoneSimulator.Deploy.0 = Debug|Any CPU
		{E7270FBB-17B1-4B39-B11F-39886A515D50}.Debug|x64.ActiveCfg = Debug|Any CPU
		{E7270FBB-17B1-4B39-B11F-39886A515D50}.Debug|x64.Build.0 = Debug|Any CPU
		{E7270FBB-17B1-4B39-B11F-39886A515D50}.Debug|x64.Deploy.0 = Debug|Any CPU
		{E7270FBB-17B1-4B39-B11F-39886A515D50}.Debug|x86.ActiveCfg = Debug|Any CPU
		{E7270FBB-17B1-4B39-B11F-39886A515D50}.Debug|x86.Build.0 = Debug|Any CPU
		{E7270FBB-17B1-4B39-B11F-39886A515D50}.Debug|x86.Deploy.0 = Debug|Any CPU
		{E7270FBB-17B1-4B39-B11F-39886A515D50}.Release|Any CPU.ActiveCfg = Release|Any CPU
		{E7270FBB-17B1-4B39-B11F-39886A515D50}.Release|Any CPU.Build.0 = Release|Any CPU
		{E7270FBB-17B1-4B39-B11F-39886A515D50}.Release|Any CPU.Deploy.0 = Release|Any CPU
		{E7270FBB-17B1-4B39-B11F-39886A515D50}.Release|ARM.ActiveCfg = Release|Any CPU
		{E7270FBB-17B1-4B39-B11F-39886A515D50}.Release|ARM.Build.0 = Release|Any CPU
		{E7270FBB-17B1-4B39-B11F-39886A515D50}.Release|ARM.Deploy.0 = Release|Any CPU
		{E7270FBB-17B1-4B39-B11F-39886A515D50}.Release|iPhone.ActiveCfg = Release|Any CPU
		{E7270FBB-17B1-4B39-B11F-39886A515D50}.Release|iPhone.Build.0 = Release|Any CPU
		{E7270FBB-17B1-4B39-B11F-39886A515D50}.Release|iPhone.Deploy.0 = Release|Any CPU
		{E7270FBB-17B1-4B39-B11F-39886A515D50}.Release|iPhoneSimulator.ActiveCfg = Release|Any CPU
		{E7270FBB-17B1-4B39-B11F-39886A515D50}.Release|iPhoneSimulator.Build.0 = Release|Any CPU
		{E7270FBB-17B1-4B39-B11F-39886A515D50}.Release|iPhoneSimulator.Deploy.0 = Release|Any CPU
		{E7270FBB-17B1-4B39-B11F-39886A515D50}.Release|x64.ActiveCfg = Release|Any CPU
		{E7270FBB-17B1-4B39-B11F-39886A515D50}.Release|x64.Build.0 = Release|Any CPU
		{E7270FBB-17B1-4B39-B11F-39886A515D50}.Release|x64.Deploy.0 = Release|Any CPU
		{E7270FBB-17B1-4B39-B11F-39886A515D50}.Release|x86.ActiveCfg = Release|Any CPU
		{E7270FBB-17B1-4B39-B11F-39886A515D50}.Release|x86.Build.0 = Release|Any CPU
		{E7270FBB-17B1-4B39-B11F-39886A515D50}.Release|x86.Deploy.0 = Release|Any CPU
		{F4C2C393-52AB-49A7-9DA5-DA88D644C426}.Ad-Hoc|Any CPU.ActiveCfg = Ad-Hoc|iPhone
		{F4C2C393-52AB-49A7-9DA5-DA88D644C426}.Ad-Hoc|Any CPU.Build.0 = Ad-Hoc|iPhone
		{F4C2C393-52AB-49A7-9DA5-DA88D644C426}.Ad-Hoc|Any CPU.Deploy.0 = Ad-Hoc|iPhone
		{F4C2C393-52AB-49A7-9DA5-DA88D644C426}.Ad-Hoc|ARM.ActiveCfg = Ad-Hoc|iPhone
		{F4C2C393-52AB-49A7-9DA5-DA88D644C426}.Ad-Hoc|ARM.Build.0 = Ad-Hoc|iPhone
		{F4C2C393-52AB-49A7-9DA5-DA88D644C426}.Ad-Hoc|ARM.Deploy.0 = Ad-Hoc|iPhone
		{F4C2C393-52AB-49A7-9DA5-DA88D644C426}.Ad-Hoc|iPhone.ActiveCfg = Ad-Hoc|iPhone
		{F4C2C393-52AB-49A7-9DA5-DA88D644C426}.Ad-Hoc|iPhone.Build.0 = Ad-Hoc|iPhone
		{F4C2C393-52AB-49A7-9DA5-DA88D644C426}.Ad-Hoc|iPhone.Deploy.0 = Ad-Hoc|iPhone
		{F4C2C393-52AB-49A7-9DA5-DA88D644C426}.Ad-Hoc|iPhoneSimulator.ActiveCfg = Ad-Hoc|iPhoneSimulator
		{F4C2C393-52AB-49A7-9DA5-DA88D644C426}.Ad-Hoc|iPhoneSimulator.Build.0 = Ad-Hoc|iPhoneSimulator
		{F4C2C393-52AB-49A7-9DA5-DA88D644C426}.Ad-Hoc|iPhoneSimulator.Deploy.0 = Ad-Hoc|iPhoneSimulator
		{F4C2C393-52AB-49A7-9DA5-DA88D644C426}.Ad-Hoc|x64.ActiveCfg = Ad-Hoc|iPhone
		{F4C2C393-52AB-49A7-9DA5-DA88D644C426}.Ad-Hoc|x64.Build.0 = Ad-Hoc|iPhone
		{F4C2C393-52AB-49A7-9DA5-DA88D644C426}.Ad-Hoc|x64.Deploy.0 = Ad-Hoc|iPhone
		{F4C2C393-52AB-49A7-9DA5-DA88D644C426}.Ad-Hoc|x86.ActiveCfg = Ad-Hoc|iPhone
		{F4C2C393-52AB-49A7-9DA5-DA88D644C426}.Ad-Hoc|x86.Build.0 = Ad-Hoc|iPhone
		{F4C2C393-52AB-49A7-9DA5-DA88D644C426}.Ad-Hoc|x86.Deploy.0 = Ad-Hoc|iPhone
		{F4C2C393-52AB-49A7-9DA5-DA88D644C426}.AppStore|Any CPU.ActiveCfg = AppStore|iPhone
		{F4C2C393-52AB-49A7-9DA5-DA88D644C426}.AppStore|Any CPU.Build.0 = AppStore|iPhone
		{F4C2C393-52AB-49A7-9DA5-DA88D644C426}.AppStore|Any CPU.Deploy.0 = AppStore|iPhone
		{F4C2C393-52AB-49A7-9DA5-DA88D644C426}.AppStore|ARM.ActiveCfg = AppStore|iPhone
		{F4C2C393-52AB-49A7-9DA5-DA88D644C426}.AppStore|ARM.Build.0 = AppStore|iPhone
		{F4C2C393-52AB-49A7-9DA5-DA88D644C426}.AppStore|ARM.Deploy.0 = AppStore|iPhone
		{F4C2C393-52AB-49A7-9DA5-DA88D644C426}.AppStore|iPhone.ActiveCfg = AppStore|iPhone
		{F4C2C393-52AB-49A7-9DA5-DA88D644C426}.AppStore|iPhone.Build.0 = AppStore|iPhone
		{F4C2C393-52AB-49A7-9DA5-DA88D644C426}.AppStore|iPhone.Deploy.0 = AppStore|iPhone
		{F4C2C393-52AB-49A7-9DA5-DA88D644C426}.AppStore|iPhoneSimulator.ActiveCfg = AppStore|iPhoneSimulator
		{F4C2C393-52AB-49A7-9DA5-DA88D644C426}.AppStore|iPhoneSimulator.Build.0 = AppStore|iPhoneSimulator
		{F4C2C393-52AB-49A7-9DA5-DA88D644C426}.AppStore|iPhoneSimulator.Deploy.0 = AppStore|iPhoneSimulator
		{F4C2C393-52AB-49A7-9DA5-DA88D644C426}.AppStore|x64.ActiveCfg = AppStore|iPhone
		{F4C2C393-52AB-49A7-9DA5-DA88D644C426}.AppStore|x64.Build.0 = AppStore|iPhone
		{F4C2C393-52AB-49A7-9DA5-DA88D644C426}.AppStore|x64.Deploy.0 = AppStore|iPhone
		{F4C2C393-52AB-49A7-9DA5-DA88D644C426}.AppStore|x86.ActiveCfg = AppStore|iPhone
		{F4C2C393-52AB-49A7-9DA5-DA88D644C426}.AppStore|x86.Build.0 = AppStore|iPhone
		{F4C2C393-52AB-49A7-9DA5-DA88D644C426}.AppStore|x86.Deploy.0 = AppStore|iPhone
		{F4C2C393-52AB-49A7-9DA5-DA88D644C426}.Debug|Any CPU.ActiveCfg = Debug|iPhoneSimulator
		{F4C2C393-52AB-49A7-9DA5-DA88D644C426}.Debug|Any CPU.Build.0 = Debug|iPhoneSimulator
		{F4C2C393-52AB-49A7-9DA5-DA88D644C426}.Debug|Any CPU.Deploy.0 = Debug|iPhoneSimulator
		{F4C2C393-52AB-49A7-9DA5-DA88D644C426}.Debug|ARM.ActiveCfg = Debug|iPhone
		{F4C2C393-52AB-49A7-9DA5-DA88D644C426}.Debug|ARM.Build.0 = Debug|iPhone
		{F4C2C393-52AB-49A7-9DA5-DA88D644C426}.Debug|ARM.Deploy.0 = Debug|iPhone
		{F4C2C393-52AB-49A7-9DA5-DA88D644C426}.Debug|iPhone.ActiveCfg = Debug|iPhone
		{F4C2C393-52AB-49A7-9DA5-DA88D644C426}.Debug|iPhone.Build.0 = Debug|iPhone
		{F4C2C393-52AB-49A7-9DA5-DA88D644C426}.Debug|iPhone.Deploy.0 = Debug|iPhone
		{F4C2C393-52AB-49A7-9DA5-DA88D644C426}.Debug|iPhoneSimulator.ActiveCfg = Debug|iPhoneSimulator
		{F4C2C393-52AB-49A7-9DA5-DA88D644C426}.Debug|iPhoneSimulator.Build.0 = Debug|iPhoneSimulator
		{F4C2C393-52AB-49A7-9DA5-DA88D644C426}.Debug|iPhoneSimulator.Deploy.0 = Debug|iPhoneSimulator
		{F4C2C393-52AB-49A7-9DA5-DA88D644C426}.Debug|x64.ActiveCfg = Debug|iPhone
		{F4C2C393-52AB-49A7-9DA5-DA88D644C426}.Debug|x64.Build.0 = Debug|iPhone
		{F4C2C393-52AB-49A7-9DA5-DA88D644C426}.Debug|x64.Deploy.0 = Debug|iPhone
		{F4C2C393-52AB-49A7-9DA5-DA88D644C426}.Debug|x86.ActiveCfg = Debug|iPhone
		{F4C2C393-52AB-49A7-9DA5-DA88D644C426}.Debug|x86.Build.0 = Debug|iPhone
		{F4C2C393-52AB-49A7-9DA5-DA88D644C426}.Debug|x86.Deploy.0 = Debug|iPhone
		{F4C2C393-52AB-49A7-9DA5-DA88D644C426}.Release|Any CPU.ActiveCfg = Release|iPhone
		{F4C2C393-52AB-49A7-9DA5-DA88D644C426}.Release|Any CPU.Build.0 = Release|iPhone
		{F4C2C393-52AB-49A7-9DA5-DA88D644C426}.Release|Any CPU.Deploy.0 = Release|iPhone
		{F4C2C393-52AB-49A7-9DA5-DA88D644C426}.Release|ARM.ActiveCfg = Release|iPhone
		{F4C2C393-52AB-49A7-9DA5-DA88D644C426}.Release|ARM.Build.0 = Release|iPhone
		{F4C2C393-52AB-49A7-9DA5-DA88D644C426}.Release|ARM.Deploy.0 = Release|iPhone
		{F4C2C393-52AB-49A7-9DA5-DA88D644C426}.Release|iPhone.ActiveCfg = Release|iPhone
		{F4C2C393-52AB-49A7-9DA5-DA88D644C426}.Release|iPhone.Build.0 = Release|iPhone
		{F4C2C393-52AB-49A7-9DA5-DA88D644C426}.Release|iPhone.Deploy.0 = Release|iPhone
		{F4C2C393-52AB-49A7-9DA5-DA88D644C426}.Release|iPhoneSimulator.ActiveCfg = Release|iPhoneSimulator
		{F4C2C393-52AB-49A7-9DA5-DA88D644C426}.Release|iPhoneSimulator.Build.0 = Release|iPhoneSimulator
		{F4C2C393-52AB-49A7-9DA5-DA88D644C426}.Release|iPhoneSimulator.Deploy.0 = Release|iPhoneSimulator
		{F4C2C393-52AB-49A7-9DA5-DA88D644C426}.Release|x64.ActiveCfg = Release|iPhone
		{F4C2C393-52AB-49A7-9DA5-DA88D644C426}.Release|x64.Build.0 = Release|iPhone
		{F4C2C393-52AB-49A7-9DA5-DA88D644C426}.Release|x64.Deploy.0 = Release|iPhone
		{F4C2C393-52AB-49A7-9DA5-DA88D644C426}.Release|x86.ActiveCfg = Release|iPhone
		{F4C2C393-52AB-49A7-9DA5-DA88D644C426}.Release|x86.Build.0 = Release|iPhone
		{F4C2C393-52AB-49A7-9DA5-DA88D644C426}.Release|x86.Deploy.0 = Release|iPhone
		{986114FA-DC21-4001-AF0C-C018FFAB64C5}.Ad-Hoc|Any CPU.ActiveCfg = Release|x86
		{986114FA-DC21-4001-AF0C-C018FFAB64C5}.Ad-Hoc|Any CPU.Build.0 = Release|x86
		{986114FA-DC21-4001-AF0C-C018FFAB64C5}.Ad-Hoc|Any CPU.Deploy.0 = Release|x86
		{986114FA-DC21-4001-AF0C-C018FFAB64C5}.Ad-Hoc|ARM.ActiveCfg = Release|ARM
		{986114FA-DC21-4001-AF0C-C018FFAB64C5}.Ad-Hoc|ARM.Build.0 = Release|ARM
		{986114FA-DC21-4001-AF0C-C018FFAB64C5}.Ad-Hoc|ARM.Deploy.0 = Release|ARM
		{986114FA-DC21-4001-AF0C-C018FFAB64C5}.Ad-Hoc|iPhone.ActiveCfg = Release|x86
		{986114FA-DC21-4001-AF0C-C018FFAB64C5}.Ad-Hoc|iPhone.Build.0 = Release|x86
		{986114FA-DC21-4001-AF0C-C018FFAB64C5}.Ad-Hoc|iPhone.Deploy.0 = Release|x86
		{986114FA-DC21-4001-AF0C-C018FFAB64C5}.Ad-Hoc|iPhoneSimulator.ActiveCfg = Release|x86
		{986114FA-DC21-4001-AF0C-C018FFAB64C5}.Ad-Hoc|iPhoneSimulator.Build.0 = Release|x86
		{986114FA-DC21-4001-AF0C-C018FFAB64C5}.Ad-Hoc|iPhoneSimulator.Deploy.0 = Release|x86
		{986114FA-DC21-4001-AF0C-C018FFAB64C5}.Ad-Hoc|x64.ActiveCfg = Release|x64
		{986114FA-DC21-4001-AF0C-C018FFAB64C5}.Ad-Hoc|x64.Build.0 = Release|x64
		{986114FA-DC21-4001-AF0C-C018FFAB64C5}.Ad-Hoc|x64.Deploy.0 = Release|x64
		{986114FA-DC21-4001-AF0C-C018FFAB64C5}.Ad-Hoc|x86.ActiveCfg = Release|x86
		{986114FA-DC21-4001-AF0C-C018FFAB64C5}.Ad-Hoc|x86.Build.0 = Release|x86
		{986114FA-DC21-4001-AF0C-C018FFAB64C5}.Ad-Hoc|x86.Deploy.0 = Release|x86
		{986114FA-DC21-4001-AF0C-C018FFAB64C5}.AppStore|Any CPU.ActiveCfg = Release|x86
		{986114FA-DC21-4001-AF0C-C018FFAB64C5}.AppStore|Any CPU.Build.0 = Release|x86
		{986114FA-DC21-4001-AF0C-C018FFAB64C5}.AppStore|Any CPU.Deploy.0 = Release|x86
		{986114FA-DC21-4001-AF0C-C018FFAB64C5}.AppStore|ARM.ActiveCfg = Release|ARM
		{986114FA-DC21-4001-AF0C-C018FFAB64C5}.AppStore|ARM.Build.0 = Release|ARM
		{986114FA-DC21-4001-AF0C-C018FFAB64C5}.AppStore|ARM.Deploy.0 = Release|ARM
		{986114FA-DC21-4001-AF0C-C018FFAB64C5}.AppStore|iPhone.ActiveCfg = Release|x86
		{986114FA-DC21-4001-AF0C-C018FFAB64C5}.AppStore|iPhone.Build.0 = Release|x86
		{986114FA-DC21-4001-AF0C-C018FFAB64C5}.AppStore|iPhone.Deploy.0 = Release|x86
		{986114FA-DC21-4001-AF0C-C018FFAB64C5}.AppStore|iPhoneSimulator.ActiveCfg = Release|x86
		{986114FA-DC21-4001-AF0C-C018FFAB64C5}.AppStore|iPhoneSimulator.Build.0 = Release|x86
		{986114FA-DC21-4001-AF0C-C018FFAB64C5}.AppStore|iPhoneSimulator.Deploy.0 = Release|x86
		{986114FA-DC21-4001-AF0C-C018FFAB64C5}.AppStore|x64.ActiveCfg = Release|x64
		{986114FA-DC21-4001-AF0C-C018FFAB64C5}.AppStore|x64.Build.0 = Release|x64
		{986114FA-DC21-4001-AF0C-C018FFAB64C5}.AppStore|x64.Deploy.0 = Release|x64
		{986114FA-DC21-4001-AF0C-C018FFAB64C5}.AppStore|x86.ActiveCfg = Release|x86
		{986114FA-DC21-4001-AF0C-C018FFAB64C5}.AppStore|x86.Build.0 = Release|x86
		{986114FA-DC21-4001-AF0C-C018FFAB64C5}.AppStore|x86.Deploy.0 = Release|x86
		{986114FA-DC21-4001-AF0C-C018FFAB64C5}.Debug|Any CPU.ActiveCfg = Debug|x86
		{986114FA-DC21-4001-AF0C-C018FFAB64C5}.Debug|Any CPU.Build.0 = Debug|x86
		{986114FA-DC21-4001-AF0C-C018FFAB64C5}.Debug|Any CPU.Deploy.0 = Debug|x86
		{986114FA-DC21-4001-AF0C-C018FFAB64C5}.Debug|ARM.ActiveCfg = Debug|ARM
		{986114FA-DC21-4001-AF0C-C018FFAB64C5}.Debug|ARM.Build.0 = Debug|ARM
		{986114FA-DC21-4001-AF0C-C018FFAB64C5}.Debug|ARM.Deploy.0 = Debug|ARM
		{986114FA-DC21-4001-AF0C-C018FFAB64C5}.Debug|iPhone.ActiveCfg = Debug|x86
		{986114FA-DC21-4001-AF0C-C018FFAB64C5}.Debug|iPhone.Build.0 = Debug|x86
		{986114FA-DC21-4001-AF0C-C018FFAB64C5}.Debug|iPhone.Deploy.0 = Debug|x86
		{986114FA-DC21-4001-AF0C-C018FFAB64C5}.Debug|iPhoneSimulator.ActiveCfg = Debug|x86
		{986114FA-DC21-4001-AF0C-C018FFAB64C5}.Debug|iPhoneSimulator.Build.0 = Debug|x86
		{986114FA-DC21-4001-AF0C-C018FFAB64C5}.Debug|iPhoneSimulator.Deploy.0 = Debug|x86
		{986114FA-DC21-4001-AF0C-C018FFAB64C5}.Debug|x64.ActiveCfg = Debug|x64
		{986114FA-DC21-4001-AF0C-C018FFAB64C5}.Debug|x64.Build.0 = Debug|x64
		{986114FA-DC21-4001-AF0C-C018FFAB64C5}.Debug|x64.Deploy.0 = Debug|x64
		{986114FA-DC21-4001-AF0C-C018FFAB64C5}.Debug|x86.ActiveCfg = Debug|x86
		{986114FA-DC21-4001-AF0C-C018FFAB64C5}.Debug|x86.Build.0 = Debug|x86
		{986114FA-DC21-4001-AF0C-C018FFAB64C5}.Debug|x86.Deploy.0 = Debug|x86
		{986114FA-DC21-4001-AF0C-C018FFAB64C5}.Release|Any CPU.ActiveCfg = Release|x86
		{986114FA-DC21-4001-AF0C-C018FFAB64C5}.Release|Any CPU.Build.0 = Release|x86
		{986114FA-DC21-4001-AF0C-C018FFAB64C5}.Release|Any CPU.Deploy.0 = Release|x86
		{986114FA-DC21-4001-AF0C-C018FFAB64C5}.Release|ARM.ActiveCfg = Release|ARM
		{986114FA-DC21-4001-AF0C-C018FFAB64C5}.Release|ARM.Build.0 = Release|ARM
		{986114FA-DC21-4001-AF0C-C018FFAB64C5}.Release|ARM.Deploy.0 = Release|ARM
		{986114FA-DC21-4001-AF0C-C018FFAB64C5}.Release|iPhone.ActiveCfg = Release|x86
		{986114FA-DC21-4001-AF0C-C018FFAB64C5}.Release|iPhone.Build.0 = Release|x86
		{986114FA-DC21-4001-AF0C-C018FFAB64C5}.Release|iPhone.Deploy.0 = Release|x86
		{986114FA-DC21-4001-AF0C-C018FFAB64C5}.Release|iPhoneSimulator.ActiveCfg = Release|x86
		{986114FA-DC21-4001-AF0C-C018FFAB64C5}.Release|iPhoneSimulator.Build.0 = Release|x86
		{986114FA-DC21-4001-AF0C-C018FFAB64C5}.Release|iPhoneSimulator.Deploy.0 = Release|x86
		{986114FA-DC21-4001-AF0C-C018FFAB64C5}.Release|x64.ActiveCfg = Release|x64
		{986114FA-DC21-4001-AF0C-C018FFAB64C5}.Release|x64.Build.0 = Release|x64
		{986114FA-DC21-4001-AF0C-C018FFAB64C5}.Release|x64.Deploy.0 = Release|x64
		{986114FA-DC21-4001-AF0C-C018FFAB64C5}.Release|x86.ActiveCfg = Release|x86
		{986114FA-DC21-4001-AF0C-C018FFAB64C5}.Release|x86.Build.0 = Release|x86
		{986114FA-DC21-4001-AF0C-C018FFAB64C5}.Release|x86.Deploy.0 = Release|x86
		{D0DBF8DA-085B-4D6B-A2FE-A8301E97E639}.Ad-Hoc|Any CPU.ActiveCfg = Debug|Any CPU
		{D0DBF8DA-085B-4D6B-A2FE-A8301E97E639}.Ad-Hoc|Any CPU.Build.0 = Debug|Any CPU
		{D0DBF8DA-085B-4D6B-A2FE-A8301E97E639}.Ad-Hoc|Any CPU.Deploy.0 = Debug|Any CPU
		{D0DBF8DA-085B-4D6B-A2FE-A8301E97E639}.Ad-Hoc|ARM.ActiveCfg = Debug|Any CPU
		{D0DBF8DA-085B-4D6B-A2FE-A8301E97E639}.Ad-Hoc|ARM.Build.0 = Debug|Any CPU
		{D0DBF8DA-085B-4D6B-A2FE-A8301E97E639}.Ad-Hoc|ARM.Deploy.0 = Debug|Any CPU
		{D0DBF8DA-085B-4D6B-A2FE-A8301E97E639}.Ad-Hoc|iPhone.ActiveCfg = Debug|Any CPU
		{D0DBF8DA-085B-4D6B-A2FE-A8301E97E639}.Ad-Hoc|iPhone.Build.0 = Debug|Any CPU
		{D0DBF8DA-085B-4D6B-A2FE-A8301E97E639}.Ad-Hoc|iPhone.Deploy.0 = Debug|Any CPU
		{D0DBF8DA-085B-4D6B-A2FE-A8301E97E639}.Ad-Hoc|iPhoneSimulator.ActiveCfg = Debug|Any CPU
		{D0DBF8DA-085B-4D6B-A2FE-A8301E97E639}.Ad-Hoc|iPhoneSimulator.Build.0 = Debug|Any CPU
		{D0DBF8DA-085B-4D6B-A2FE-A8301E97E639}.Ad-Hoc|iPhoneSimulator.Deploy.0 = Debug|Any CPU
		{D0DBF8DA-085B-4D6B-A2FE-A8301E97E639}.Ad-Hoc|x64.ActiveCfg = Debug|Any CPU
		{D0DBF8DA-085B-4D6B-A2FE-A8301E97E639}.Ad-Hoc|x64.Build.0 = Debug|Any CPU
		{D0DBF8DA-085B-4D6B-A2FE-A8301E97E639}.Ad-Hoc|x64.Deploy.0 = Debug|Any CPU
		{D0DBF8DA-085B-4D6B-A2FE-A8301E97E639}.Ad-Hoc|x86.ActiveCfg = Debug|Any CPU
		{D0DBF8DA-085B-4D6B-A2FE-A8301E97E639}.Ad-Hoc|x86.Build.0 = Debug|Any CPU
		{D0DBF8DA-085B-4D6B-A2FE-A8301E97E639}.Ad-Hoc|x86.Deploy.0 = Debug|Any CPU
		{D0DBF8DA-085B-4D6B-A2FE-A8301E97E639}.AppStore|Any CPU.ActiveCfg = Debug|Any CPU
		{D0DBF8DA-085B-4D6B-A2FE-A8301E97E639}.AppStore|Any CPU.Build.0 = Debug|Any CPU
		{D0DBF8DA-085B-4D6B-A2FE-A8301E97E639}.AppStore|Any CPU.Deploy.0 = Debug|Any CPU
		{D0DBF8DA-085B-4D6B-A2FE-A8301E97E639}.AppStore|ARM.ActiveCfg = Debug|Any CPU
		{D0DBF8DA-085B-4D6B-A2FE-A8301E97E639}.AppStore|ARM.Build.0 = Debug|Any CPU
		{D0DBF8DA-085B-4D6B-A2FE-A8301E97E639}.AppStore|ARM.Deploy.0 = Debug|Any CPU
		{D0DBF8DA-085B-4D6B-A2FE-A8301E97E639}.AppStore|iPhone.ActiveCfg = Debug|Any CPU
		{D0DBF8DA-085B-4D6B-A2FE-A8301E97E639}.AppStore|iPhone.Build.0 = Debug|Any CPU
		{D0DBF8DA-085B-4D6B-A2FE-A8301E97E639}.AppStore|iPhone.Deploy.0 = Debug|Any CPU
		{D0DBF8DA-085B-4D6B-A2FE-A8301E97E639}.AppStore|iPhoneSimulator.ActiveCfg = Debug|Any CPU
		{D0DBF8DA-085B-4D6B-A2FE-A8301E97E639}.AppStore|iPhoneSimulator.Build.0 = Debug|Any CPU
		{D0DBF8DA-085B-4D6B-A2FE-A8301E97E639}.AppStore|iPhoneSimulator.Deploy.0 = Debug|Any CPU
		{D0DBF8DA-085B-4D6B-A2FE-A8301E97E639}.AppStore|x64.ActiveCfg = Debug|Any CPU
		{D0DBF8DA-085B-4D6B-A2FE-A8301E97E639}.AppStore|x64.Build.0 = Debug|Any CPU
		{D0DBF8DA-085B-4D6B-A2FE-A8301E97E639}.AppStore|x64.Deploy.0 = Debug|Any CPU
		{D0DBF8DA-085B-4D6B-A2FE-A8301E97E639}.AppStore|x86.ActiveCfg = Debug|Any CPU
		{D0DBF8DA-085B-4D6B-A2FE-A8301E97E639}.AppStore|x86.Build.0 = Debug|Any CPU
		{D0DBF8DA-085B-4D6B-A2FE-A8301E97E639}.AppStore|x86.Deploy.0 = Debug|Any CPU
		{D0DBF8DA-085B-4D6B-A2FE-A8301E97E639}.Debug|Any CPU.ActiveCfg = Debug|Any CPU
		{D0DBF8DA-085B-4D6B-A2FE-A8301E97E639}.Debug|Any CPU.Build.0 = Debug|Any CPU
		{D0DBF8DA-085B-4D6B-A2FE-A8301E97E639}.Debug|Any CPU.Deploy.0 = Debug|Any CPU
		{D0DBF8DA-085B-4D6B-A2FE-A8301E97E639}.Debug|ARM.ActiveCfg = Debug|Any CPU
		{D0DBF8DA-085B-4D6B-A2FE-A8301E97E639}.Debug|ARM.Build.0 = Debug|Any CPU
		{D0DBF8DA-085B-4D6B-A2FE-A8301E97E639}.Debug|ARM.Deploy.0 = Debug|Any CPU
		{D0DBF8DA-085B-4D6B-A2FE-A8301E97E639}.Debug|iPhone.ActiveCfg = Debug|Any CPU
		{D0DBF8DA-085B-4D6B-A2FE-A8301E97E639}.Debug|iPhone.Build.0 = Debug|Any CPU
		{D0DBF8DA-085B-4D6B-A2FE-A8301E97E639}.Debug|iPhone.Deploy.0 = Debug|Any CPU
		{D0DBF8DA-085B-4D6B-A2FE-A8301E97E639}.Debug|iPhoneSimulator.ActiveCfg = Debug|Any CPU
		{D0DBF8DA-085B-4D6B-A2FE-A8301E97E639}.Debug|iPhoneSimulator.Build.0 = Debug|Any CPU
		{D0DBF8DA-085B-4D6B-A2FE-A8301E97E639}.Debug|iPhoneSimulator.Deploy.0 = Debug|Any CPU
		{D0DBF8DA-085B-4D6B-A2FE-A8301E97E639}.Debug|x64.ActiveCfg = Debug|Any CPU
		{D0DBF8DA-085B-4D6B-A2FE-A8301E97E639}.Debug|x64.Build.0 = Debug|Any CPU
		{D0DBF8DA-085B-4D6B-A2FE-A8301E97E639}.Debug|x64.Deploy.0 = Debug|Any CPU
		{D0DBF8DA-085B-4D6B-A2FE-A8301E97E639}.Debug|x86.ActiveCfg = Debug|Any CPU
		{D0DBF8DA-085B-4D6B-A2FE-A8301E97E639}.Debug|x86.Build.0 = Debug|Any CPU
		{D0DBF8DA-085B-4D6B-A2FE-A8301E97E639}.Debug|x86.Deploy.0 = Debug|Any CPU
		{D0DBF8DA-085B-4D6B-A2FE-A8301E97E639}.Release|Any CPU.ActiveCfg = Release|Any CPU
		{D0DBF8DA-085B-4D6B-A2FE-A8301E97E639}.Release|Any CPU.Build.0 = Release|Any CPU
		{D0DBF8DA-085B-4D6B-A2FE-A8301E97E639}.Release|Any CPU.Deploy.0 = Release|Any CPU
		{D0DBF8DA-085B-4D6B-A2FE-A8301E97E639}.Release|ARM.ActiveCfg = Release|Any CPU
		{D0DBF8DA-085B-4D6B-A2FE-A8301E97E639}.Release|ARM.Build.0 = Release|Any CPU
		{D0DBF8DA-085B-4D6B-A2FE-A8301E97E639}.Release|ARM.Deploy.0 = Release|Any CPU
		{D0DBF8DA-085B-4D6B-A2FE-A8301E97E639}.Release|iPhone.ActiveCfg = Release|Any CPU
		{D0DBF8DA-085B-4D6B-A2FE-A8301E97E639}.Release|iPhone.Build.0 = Release|Any CPU
		{D0DBF8DA-085B-4D6B-A2FE-A8301E97E639}.Release|iPhone.Deploy.0 = Release|Any CPU
		{D0DBF8DA-085B-4D6B-A2FE-A8301E97E639}.Release|iPhoneSimulator.ActiveCfg = Release|Any CPU
		{D0DBF8DA-085B-4D6B-A2FE-A8301E97E639}.Release|iPhoneSimulator.Build.0 = Release|Any CPU
		{D0DBF8DA-085B-4D6B-A2FE-A8301E97E639}.Release|iPhoneSimulator.Deploy.0 = Release|Any CPU
		{D0DBF8DA-085B-4D6B-A2FE-A8301E97E639}.Release|x64.ActiveCfg = Release|Any CPU
		{D0DBF8DA-085B-4D6B-A2FE-A8301E97E639}.Release|x64.Build.0 = Release|Any CPU
		{D0DBF8DA-085B-4D6B-A2FE-A8301E97E639}.Release|x64.Deploy.0 = Release|Any CPU
		{D0DBF8DA-085B-4D6B-A2FE-A8301E97E639}.Release|x86.ActiveCfg = Release|Any CPU
		{D0DBF8DA-085B-4D6B-A2FE-A8301E97E639}.Release|x86.Build.0 = Release|Any CPU
		{D0DBF8DA-085B-4D6B-A2FE-A8301E97E639}.Release|x86.Deploy.0 = Release|Any CPU
	EndGlobalSection
	GlobalSection(SolutionProperties) = preSolution
		HideSolutionNode = FALSE
	EndGlobalSection
	GlobalSection(ExtensibilityGlobals) = postSolution
		SolutionGuid = {9ECAEE56-CDFC-44DF-B02B-3E900282ACA7}
	EndGlobalSection
EndGlobal
