
Microsoft Visual Studio Solution File, Format Version 12.00
# Visual Studio 15
VisualStudioVersion = 15.0.28307.705
MinimumVisualStudioVersion = 10.0.40219.1
Project("{FAE04EC0-301F-11D3-BF4B-00C04F79EFBC}") = "App02_Xamarin.Android", "App02_Xamarin\App02_Xamarin.Android\App02_Xamarin.Android.csproj", "{9A12EC5E-8313-4C1D-91E3-DC498C2DFBD0}"
EndProject
Project("{FAE04EC0-301F-11D3-BF4B-00C04F79EFBC}") = "App02_Xamarin.iOS", "App02_Xamarin\App02_Xamarin.iOS\App02_Xamarin.iOS.csproj", "{C9A559F6-EEEB-44D4-90B1-67567D65FDAC}"
EndProject
Project("{FAE04EC0-301F-11D3-BF4B-00C04F79EFBC}") = "App02_Xamarin.UWP", "App02_Xamarin\App02_Xamarin.UWP\App02_Xamarin.UWP.csproj", "{9EB73239-B9AD-4E02-8BE1-4396DFECED40}"
EndProject
Project("{FAE04EC0-301F-11D3-BF4B-00C04F79EFBC}") = "App02_Xamarin", "App02_Xamarin\App02_Xamarin\App02_Xamarin.csproj", "{904408F0-D61C-463A-AC25-9012EFEAE92D}"
EndProject
Global
	GlobalSection(SolutionConfigurationPlatforms) = preSolution
		Ad-Hoc|Any CPU = Ad-Hoc|Any CPU
		Ad-Hoc|ARM = Ad-Hoc|ARM
		Ad-Hoc|iPhone = Ad-Hoc|iPhone
		Ad-Hoc|iPhoneSimulator = Ad-Hoc|iPhoneSimulator
		Ad-Hoc|x64 = Ad-Hoc|x64
		Ad-Hoc|x86 = Ad-Hoc|x86
		AppStore|Any CPU = AppStore|Any CPU
		AppStore|ARM = AppStore|ARM
		AppStore|iPhone = AppStore|iPhone
		AppStore|iPhoneSimulator = AppStore|iPhoneSimulator
		AppStore|x64 = AppStore|x64
		AppStore|x86 = AppStore|x86
		Debug|Any CPU = Debug|Any CPU
		Debug|ARM = Debug|ARM
		Debug|iPhone = Debug|iPhone
		Debug|iPhoneSimulator = Debug|iPhoneSimulator
		Debug|x64 = Debug|x64
		Debug|x86 = Debug|x86
		Release|Any CPU = Release|Any CPU
		Release|ARM = Release|ARM
		Release|iPhone = Release|iPhone
		Release|iPhoneSimulator = Release|iPhoneSimulator
		Release|x64 = Release|x64
		Release|x86 = Release|x86
	EndGlobalSection
	GlobalSection(ProjectConfigurationPlatforms) = postSolution
		{9A12EC5E-8313-4C1D-91E3-DC498C2DFBD0}.Ad-Hoc|Any CPU.ActiveCfg = Release|Any CPU
		{9A12EC5E-8313-4C1D-91E3-DC498C2DFBD0}.Ad-Hoc|Any CPU.Build.0 = Release|Any CPU
		{9A12EC5E-8313-4C1D-91E3-DC498C2DFBD0}.Ad-Hoc|Any CPU.Deploy.0 = Release|Any CPU
		{9A12EC5E-8313-4C1D-91E3-DC498C2DFBD0}.Ad-Hoc|ARM.ActiveCfg = Release|Any CPU
		{9A12EC5E-8313-4C1D-91E3-DC498C2DFBD0}.Ad-Hoc|ARM.Build.0 = Release|Any CPU
		{9A12EC5E-8313-4C1D-91E3-DC498C2DFBD0}.Ad-Hoc|ARM.Deploy.0 = Release|Any CPU
		{9A12EC5E-8313-4C1D-91E3-DC498C2DFBD0}.Ad-Hoc|iPhone.ActiveCfg = Release|Any CPU
		{9A12EC5E-8313-4C1D-91E3-DC498C2DFBD0}.Ad-Hoc|iPhone.Build.0 = Release|Any CPU
		{9A12EC5E-8313-4C1D-91E3-DC498C2DFBD0}.Ad-Hoc|iPhone.Deploy.0 = Release|Any CPU
		{9A12EC5E-8313-4C1D-91E3-DC498C2DFBD0}.Ad-Hoc|iPhoneSimulator.ActiveCfg = Release|Any CPU
		{9A12EC5E-8313-4C1D-91E3-DC498C2DFBD0}.Ad-Hoc|iPhoneSimulator.Build.0 = Release|Any CPU
		{9A12EC5E-8313-4C1D-91E3-DC498C2DFBD0}.Ad-Hoc|iPhoneSimulator.Deploy.0 = Release|Any CPU
		{9A12EC5E-8313-4C1D-91E3-DC498C2DFBD0}.Ad-Hoc|x64.ActiveCfg = Release|Any CPU
		{9A12EC5E-8313-4C1D-91E3-DC498C2DFBD0}.Ad-Hoc|x64.Build.0 = Release|Any CPU
		{9A12EC5E-8313-4C1D-91E3-DC498C2DFBD0}.Ad-Hoc|x64.Deploy.0 = Release|Any CPU
		{9A12EC5E-8313-4C1D-91E3-DC498C2DFBD0}.Ad-Hoc|x86.ActiveCfg = Release|Any CPU
		{9A12EC5E-8313-4C1D-91E3-DC498C2DFBD0}.Ad-Hoc|x86.Build.0 = Release|Any CPU
		{9A12EC5E-8313-4C1D-91E3-DC498C2DFBD0}.Ad-Hoc|x86.Deploy.0 = Release|Any CPU
		{9A12EC5E-8313-4C1D-91E3-DC498C2DFBD0}.AppStore|Any CPU.ActiveCfg = Release|Any CPU
		{9A12EC5E-8313-4C1D-91E3-DC498C2DFBD0}.AppStore|Any CPU.Build.0 = Release|Any CPU
		{9A12EC5E-8313-4C1D-91E3-DC498C2DFBD0}.AppStore|Any CPU.Deploy.0 = Release|Any CPU
		{9A12EC5E-8313-4C1D-91E3-DC498C2DFBD0}.AppStore|ARM.ActiveCfg = Release|Any CPU
		{9A12EC5E-8313-4C1D-91E3-DC498C2DFBD0}.AppStore|ARM.Build.0 = Release|Any CPU
		{9A12EC5E-8313-4C1D-91E3-DC498C2DFBD0}.AppStore|ARM.Deploy.0 = Release|Any CPU
		{9A12EC5E-8313-4C1D-91E3-DC498C2DFBD0}.AppStore|iPhone.ActiveCfg = Release|Any CPU
		{9A12EC5E-8313-4C1D-91E3-DC498C2DFBD0}.AppStore|iPhone.Build.0 = Release|Any CPU
		{9A12EC5E-8313-4C1D-91E3-DC498C2DFBD0}.AppStore|iPhone.Deploy.0 = Release|Any CPU
		{9A12EC5E-8313-4C1D-91E3-DC498C2DFBD0}.AppStore|iPhoneSimulator.ActiveCfg = Release|Any CPU
		{9A12EC5E-8313-4C1D-91E3-DC498C2DFBD0}.AppStore|iPhoneSimulator.Build.0 = Release|Any CPU
		{9A12EC5E-8313-4C1D-91E3-DC498C2DFBD0}.AppStore|iPhoneSimulator.Deploy.0 = Release|Any CPU
		{9A12EC5E-8313-4C1D-91E3-DC498C2DFBD0}.AppStore|x64.ActiveCfg = Release|Any CPU
		{9A12EC5E-8313-4C1D-91E3-DC498C2DFBD0}.AppStore|x64.Build.0 = Release|Any CPU
		{9A12EC5E-8313-4C1D-91E3-DC498C2DFBD0}.AppStore|x64.Deploy.0 = Release|Any CPU
		{9A12EC5E-8313-4C1D-91E3-DC498C2DFBD0}.AppStore|x86.ActiveCfg = Release|Any CPU
		{9A12EC5E-8313-4C1D-91E3-DC498C2DFBD0}.AppStore|x86.Build.0 = Release|Any CPU
		{9A12EC5E-8313-4C1D-91E3-DC498C2DFBD0}.AppStore|x86.Deploy.0 = Release|Any CPU
		{9A12EC5E-8313-4C1D-91E3-DC498C2DFBD0}.Debug|Any CPU.ActiveCfg = Debug|Any CPU
		{9A12EC5E-8313-4C1D-91E3-DC498C2DFBD0}.Debug|Any CPU.Build.0 = Debug|Any CPU
		{9A12EC5E-8313-4C1D-91E3-DC498C2DFBD0}.Debug|Any CPU.Deploy.0 = Debug|Any CPU
		{9A12EC5E-8313-4C1D-91E3-DC498C2DFBD0}.Debug|ARM.ActiveCfg = Debug|Any CPU
		{9A12EC5E-8313-4C1D-91E3-DC498C2DFBD0}.Debug|ARM.Build.0 = Debug|Any CPU
		{9A12EC5E-8313-4C1D-91E3-DC498C2DFBD0}.Debug|ARM.Deploy.0 = Debug|Any CPU
		{9A12EC5E-8313-4C1D-91E3-DC498C2DFBD0}.Debug|iPhone.ActiveCfg = Debug|Any CPU
		{9A12EC5E-8313-4C1D-91E3-DC498C2DFBD0}.Debug|iPhone.Build.0 = Debug|Any CPU
		{9A12EC5E-8313-4C1D-91E3-DC498C2DFBD0}.Debug|iPhone.Deploy.0 = Debug|Any CPU
		{9A12EC5E-8313-4C1D-91E3-DC498C2DFBD0}.Debug|iPhoneSimulator.ActiveCfg = Debug|Any CPU
		{9A12EC5E-8313-4C1D-91E3-DC498C2DFBD0}.Debug|iPhoneSimulator.Build.0 = Debug|Any CPU
		{9A12EC5E-8313-4C1D-91E3-DC498C2DFBD0}.Debug|iPhoneSimulator.Deploy.0 = Debug|Any CPU
		{9A12EC5E-8313-4C1D-91E3-DC498C2DFBD0}.Debug|x64.ActiveCfg = Debug|Any CPU
		{9A12EC5E-8313-4C1D-91E3-DC498C2DFBD0}.Debug|x64.Build.0 = Debug|Any CPU
		{9A12EC5E-8313-4C1D-91E3-DC498C2DFBD0}.Debug|x64.Deploy.0 = Debug|Any CPU
		{9A12EC5E-8313-4C1D-91E3-DC498C2DFBD0}.Debug|x86.ActiveCfg = Debug|Any CPU
		{9A12EC5E-8313-4C1D-91E3-DC498C2DFBD0}.Debug|x86.Build.0 = Debug|Any CPU
		{9A12EC5E-8313-4C1D-91E3-DC498C2DFBD0}.Debug|x86.Deploy.0 = Debug|Any CPU
		{9A12EC5E-8313-4C1D-91E3-DC498C2DFBD0}.Release|Any CPU.ActiveCfg = Release|Any CPU
		{9A12EC5E-8313-4C1D-91E3-DC498C2DFBD0}.Release|Any CPU.Build.0 = Release|Any CPU
		{9A12EC5E-8313-4C1D-91E3-DC498C2DFBD0}.Release|Any CPU.Deploy.0 = Release|Any CPU
		{9A12EC5E-8313-4C1D-91E3-DC498C2DFBD0}.Release|ARM.ActiveCfg = Release|Any CPU
		{9A12EC5E-8313-4C1D-91E3-DC498C2DFBD0}.Release|ARM.Build.0 = Release|Any CPU
		{9A12EC5E-8313-4C1D-91E3-DC498C2DFBD0}.Release|ARM.Deploy.0 = Release|Any CPU
		{9A12EC5E-8313-4C1D-91E3-DC498C2DFBD0}.Release|iPhone.ActiveCfg = Release|Any CPU
		{9A12EC5E-8313-4C1D-91E3-DC498C2DFBD0}.Release|iPhone.Build.0 = Release|Any CPU
		{9A12EC5E-8313-4C1D-91E3-DC498C2DFBD0}.Release|iPhone.Deploy.0 = Release|Any CPU
		{9A12EC5E-8313-4C1D-91E3-DC498C2DFBD0}.Release|iPhoneSimulator.ActiveCfg = Release|Any CPU
		{9A12EC5E-8313-4C1D-91E3-DC498C2DFBD0}.Release|iPhoneSimulator.Build.0 = Release|Any CPU
		{9A12EC5E-8313-4C1D-91E3-DC498C2DFBD0}.Release|iPhoneSimulator.Deploy.0 = Release|Any CPU
		{9A12EC5E-8313-4C1D-91E3-DC498C2DFBD0}.Release|x64.ActiveCfg = Release|Any CPU
		{9A12EC5E-8313-4C1D-91E3-DC498C2DFBD0}.Release|x64.Build.0 = Release|Any CPU
		{9A12EC5E-8313-4C1D-91E3-DC498C2DFBD0}.Release|x64.Deploy.0 = Release|Any CPU
		{9A12EC5E-8313-4C1D-91E3-DC498C2DFBD0}.Release|x86.ActiveCfg = Release|Any CPU
		{9A12EC5E-8313-4C1D-91E3-DC498C2DFBD0}.Release|x86.Build.0 = Release|Any CPU
		{9A12EC5E-8313-4C1D-91E3-DC498C2DFBD0}.Release|x86.Deploy.0 = Release|Any CPU
		{C9A559F6-EEEB-44D4-90B1-67567D65FDAC}.Ad-Hoc|Any CPU.ActiveCfg = Ad-Hoc|iPhone
		{C9A559F6-EEEB-44D4-90B1-67567D65FDAC}.Ad-Hoc|Any CPU.Build.0 = Ad-Hoc|iPhone
		{C9A559F6-EEEB-44D4-90B1-67567D65FDAC}.Ad-Hoc|Any CPU.Deploy.0 = Ad-Hoc|iPhone
		{C9A559F6-EEEB-44D4-90B1-67567D65FDAC}.Ad-Hoc|ARM.ActiveCfg = Ad-Hoc|iPhone
		{C9A559F6-EEEB-44D4-90B1-67567D65FDAC}.Ad-Hoc|ARM.Build.0 = Ad-Hoc|iPhone
		{C9A559F6-EEEB-44D4-90B1-67567D65FDAC}.Ad-Hoc|ARM.Deploy.0 = Ad-Hoc|iPhone
		{C9A559F6-EEEB-44D4-90B1-67567D65FDAC}.Ad-Hoc|iPhone.ActiveCfg = Ad-Hoc|iPhone
		{C9A559F6-EEEB-44D4-90B1-67567D65FDAC}.Ad-Hoc|iPhone.Build.0 = Ad-Hoc|iPhone
		{C9A559F6-EEEB-44D4-90B1-67567D65FDAC}.Ad-Hoc|iPhone.Deploy.0 = Ad-Hoc|iPhone
		{C9A559F6-EEEB-44D4-90B1-67567D65FDAC}.Ad-Hoc|iPhoneSimulator.ActiveCfg = Ad-Hoc|iPhoneSimulator
		{C9A559F6-EEEB-44D4-90B1-67567D65FDAC}.Ad-Hoc|iPhoneSimulator.Build.0 = Ad-Hoc|iPhoneSimulator
		{C9A559F6-EEEB-44D4-90B1-67567D65FDAC}.Ad-Hoc|iPhoneSimulator.Deploy.0 = Ad-Hoc|iPhoneSimulator
		{C9A559F6-EEEB-44D4-90B1-67567D65FDAC}.Ad-Hoc|x64.ActiveCfg = Ad-Hoc|iPhone
		{C9A559F6-EEEB-44D4-90B1-67567D65FDAC}.Ad-Hoc|x64.Build.0 = Ad-Hoc|iPhone
		{C9A559F6-EEEB-44D4-90B1-67567D65FDAC}.Ad-Hoc|x64.Deploy.0 = Ad-Hoc|iPhone
		{C9A559F6-EEEB-44D4-90B1-67567D65FDAC}.Ad-Hoc|x86.ActiveCfg = Ad-Hoc|iPhone
		{C9A559F6-EEEB-44D4-90B1-67567D65FDAC}.Ad-Hoc|x86.Build.0 = Ad-Hoc|iPhone
		{C9A559F6-EEEB-44D4-90B1-67567D65FDAC}.Ad-Hoc|x86.Deploy.0 = Ad-Hoc|iPhone
		{C9A559F6-EEEB-44D4-90B1-67567D65FDAC}.AppStore|Any CPU.ActiveCfg = AppStore|iPhone
		{C9A559F6-EEEB-44D4-90B1-67567D65FDAC}.AppStore|Any CPU.Build.0 = AppStore|iPhone
		{C9A559F6-EEEB-44D4-90B1-67567D65FDAC}.AppStore|Any CPU.Deploy.0 = AppStore|iPhone
		{C9A559F6-EEEB-44D4-90B1-67567D65FDAC}.AppStore|ARM.ActiveCfg = AppStore|iPhone
		{C9A559F6-EEEB-44D4-90B1-67567D65FDAC}.AppStore|ARM.Build.0 = AppStore|iPhone
		{C9A559F6-EEEB-44D4-90B1-67567D65FDAC}.AppStore|ARM.Deploy.0 = AppStore|iPhone
		{C9A559F6-EEEB-44D4-90B1-67567D65FDAC}.AppStore|iPhone.ActiveCfg = AppStore|iPhone
		{C9A559F6-EEEB-44D4-90B1-67567D65FDAC}.AppStore|iPhone.Build.0 = AppStore|iPhone
		{C9A559F6-EEEB-44D4-90B1-67567D65FDAC}.AppStore|iPhone.Deploy.0 = AppStore|iPhone
		{C9A559F6-EEEB-44D4-90B1-67567D65FDAC}.AppStore|iPhoneSimulator.ActiveCfg = AppStore|iPhoneSimulator
		{C9A559F6-EEEB-44D4-90B1-67567D65FDAC}.AppStore|iPhoneSimulator.Build.0 = AppStore|iPhoneSimulator
		{C9A559F6-EEEB-44D4-90B1-67567D65FDAC}.AppStore|iPhoneSimulator.Deploy.0 = AppStore|iPhoneSimulator
		{C9A559F6-EEEB-44D4-90B1-67567D65FDAC}.AppStore|x64.ActiveCfg = AppStore|iPhone
		{C9A559F6-EEEB-44D4-90B1-67567D65FDAC}.AppStore|x64.Build.0 = AppStore|iPhone
		{C9A559F6-EEEB-44D4-90B1-67567D65FDAC}.AppStore|x64.Deploy.0 = AppStore|iPhone
		{C9A559F6-EEEB-44D4-90B1-67567D65FDAC}.AppStore|x86.ActiveCfg = AppStore|iPhone
		{C9A559F6-EEEB-44D4-90B1-67567D65FDAC}.AppStore|x86.Build.0 = AppStore|iPhone
		{C9A559F6-EEEB-44D4-90B1-67567D65FDAC}.AppStore|x86.Deploy.0 = AppStore|iPhone
		{C9A559F6-EEEB-44D4-90B1-67567D65FDAC}.Debug|Any CPU.ActiveCfg = Debug|iPhoneSimulator
		{C9A559F6-EEEB-44D4-90B1-67567D65FDAC}.Debug|Any CPU.Build.0 = Debug|iPhoneSimulator
		{C9A559F6-EEEB-44D4-90B1-67567D65FDAC}.Debug|Any CPU.Deploy.0 = Debug|iPhoneSimulator
		{C9A559F6-EEEB-44D4-90B1-67567D65FDAC}.Debug|ARM.ActiveCfg = Debug|iPhone
		{C9A559F6-EEEB-44D4-90B1-67567D65FDAC}.Debug|ARM.Build.0 = Debug|iPhone
		{C9A559F6-EEEB-44D4-90B1-67567D65FDAC}.Debug|ARM.Deploy.0 = Debug|iPhone
		{C9A559F6-EEEB-44D4-90B1-67567D65FDAC}.Debug|iPhone.ActiveCfg = Debug|iPhone
		{C9A559F6-EEEB-44D4-90B1-67567D65FDAC}.Debug|iPhone.Build.0 = Debug|iPhone
		{C9A559F6-EEEB-44D4-90B1-67567D65FDAC}.Debug|iPhone.Deploy.0 = Debug|iPhone
		{C9A559F6-EEEB-44D4-90B1-67567D65FDAC}.Debug|iPhoneSimulator.ActiveCfg = Debug|iPhoneSimulator
		{C9A559F6-EEEB-44D4-90B1-67567D65FDAC}.Debug|iPhoneSimulator.Build.0 = Debug|iPhoneSimulator
		{C9A559F6-EEEB-44D4-90B1-67567D65FDAC}.Debug|iPhoneSimulator.Deploy.0 = Debug|iPhoneSimulator
		{C9A559F6-EEEB-44D4-90B1-67567D65FDAC}.Debug|x64.ActiveCfg = Debug|iPhone
		{C9A559F6-EEEB-44D4-90B1-67567D65FDAC}.Debug|x64.Build.0 = Debug|iPhone
		{C9A559F6-EEEB-44D4-90B1-67567D65FDAC}.Debug|x64.Deploy.0 = Debug|iPhone
		{C9A559F6-EEEB-44D4-90B1-67567D65FDAC}.Debug|x86.ActiveCfg = Debug|iPhone
		{C9A559F6-EEEB-44D4-90B1-67567D65FDAC}.Debug|x86.Build.0 = Debug|iPhone
		{C9A559F6-EEEB-44D4-90B1-67567D65FDAC}.Debug|x86.Deploy.0 = Debug|iPhone
		{C9A559F6-EEEB-44D4-90B1-67567D65FDAC}.Release|Any CPU.ActiveCfg = Release|iPhone
		{C9A559F6-EEEB-44D4-90B1-67567D65FDAC}.Release|Any CPU.Build.0 = Release|iPhone
		{C9A559F6-EEEB-44D4-90B1-67567D65FDAC}.Release|Any CPU.Deploy.0 = Release|iPhone
		{C9A559F6-EEEB-44D4-90B1-67567D65FDAC}.Release|ARM.ActiveCfg = Release|iPhone
		{C9A559F6-EEEB-44D4-90B1-67567D65FDAC}.Release|ARM.Build.0 = Release|iPhone
		{C9A559F6-EEEB-44D4-90B1-67567D65FDAC}.Release|ARM.Deploy.0 = Release|iPhone
		{C9A559F6-EEEB-44D4-90B1-67567D65FDAC}.Release|iPhone.ActiveCfg = Release|iPhone
		{C9A559F6-EEEB-44D4-90B1-67567D65FDAC}.Release|iPhone.Build.0 = Release|iPhone
		{C9A559F6-EEEB-44D4-90B1-67567D65FDAC}.Release|iPhone.Deploy.0 = Release|iPhone
		{C9A559F6-EEEB-44D4-90B1-67567D65FDAC}.Release|iPhoneSimulator.ActiveCfg = Release|iPhoneSimulator
		{C9A559F6-EEEB-44D4-90B1-67567D65FDAC}.Release|iPhoneSimulator.Build.0 = Release|iPhoneSimulator
		{C9A559F6-EEEB-44D4-90B1-67567D65FDAC}.Release|iPhoneSimulator.Deploy.0 = Release|iPhoneSimulator
		{C9A559F6-EEEB-44D4-90B1-67567D65FDAC}.Release|x64.ActiveCfg = Release|iPhone
		{C9A559F6-EEEB-44D4-90B1-67567D65FDAC}.Release|x64.Build.0 = Release|iPhone
		{C9A559F6-EEEB-44D4-90B1-67567D65FDAC}.Release|x64.Deploy.0 = Release|iPhone
		{C9A559F6-EEEB-44D4-90B1-67567D65FDAC}.Release|x86.ActiveCfg = Release|iPhone
		{C9A559F6-EEEB-44D4-90B1-67567D65FDAC}.Release|x86.Build.0 = Release|iPhone
		{C9A559F6-EEEB-44D4-90B1-67567D65FDAC}.Release|x86.Deploy.0 = Release|iPhone
		{9EB73239-B9AD-4E02-8BE1-4396DFECED40}.Ad-Hoc|Any CPU.ActiveCfg = Release|x86
		{9EB73239-B9AD-4E02-8BE1-4396DFECED40}.Ad-Hoc|Any CPU.Build.0 = Release|x86
		{9EB73239-B9AD-4E02-8BE1-4396DFECED40}.Ad-Hoc|Any CPU.Deploy.0 = Release|x86
		{9EB73239-B9AD-4E02-8BE1-4396DFECED40}.Ad-Hoc|ARM.ActiveCfg = Release|ARM
		{9EB73239-B9AD-4E02-8BE1-4396DFECED40}.Ad-Hoc|ARM.Build.0 = Release|ARM
		{9EB73239-B9AD-4E02-8BE1-4396DFECED40}.Ad-Hoc|ARM.Deploy.0 = Release|ARM
		{9EB73239-B9AD-4E02-8BE1-4396DFECED40}.Ad-Hoc|iPhone.ActiveCfg = Release|x86
		{9EB73239-B9AD-4E02-8BE1-4396DFECED40}.Ad-Hoc|iPhone.Build.0 = Release|x86
		{9EB73239-B9AD-4E02-8BE1-4396DFECED40}.Ad-Hoc|iPhone.Deploy.0 = Release|x86
		{9EB73239-B9AD-4E02-8BE1-4396DFECED40}.Ad-Hoc|iPhoneSimulator.ActiveCfg = Release|x86
		{9EB73239-B9AD-4E02-8BE1-4396DFECED40}.Ad-Hoc|iPhoneSimulator.Build.0 = Release|x86
		{9EB73239-B9AD-4E02-8BE1-4396DFECED40}.Ad-Hoc|iPhoneSimulator.Deploy.0 = Release|x86
		{9EB73239-B9AD-4E02-8BE1-4396DFECED40}.Ad-Hoc|x64.ActiveCfg = Release|x64
		{9EB73239-B9AD-4E02-8BE1-4396DFECED40}.Ad-Hoc|x64.Build.0 = Release|x64
		{9EB73239-B9AD-4E02-8BE1-4396DFECED40}.Ad-Hoc|x64.Deploy.0 = Release|x64
		{9EB73239-B9AD-4E02-8BE1-4396DFECED40}.Ad-Hoc|x86.ActiveCfg = Release|x86
		{9EB73239-B9AD-4E02-8BE1-4396DFECED40}.Ad-Hoc|x86.Build.0 = Release|x86
		{9EB73239-B9AD-4E02-8BE1-4396DFECED40}.Ad-Hoc|x86.Deploy.0 = Release|x86
		{9EB73239-B9AD-4E02-8BE1-4396DFECED40}.AppStore|Any CPU.ActiveCfg = Release|x86
		{9EB73239-B9AD-4E02-8BE1-4396DFECED40}.AppStore|Any CPU.Build.0 = Release|x86
		{9EB73239-B9AD-4E02-8BE1-4396DFECED40}.AppStore|Any CPU.Deploy.0 = Release|x86
		{9EB73239-B9AD-4E02-8BE1-4396DFECED40}.AppStore|ARM.ActiveCfg = Release|ARM
		{9EB73239-B9AD-4E02-8BE1-4396DFECED40}.AppStore|ARM.Build.0 = Release|ARM
		{9EB73239-B9AD-4E02-8BE1-4396DFECED40}.AppStore|ARM.Deploy.0 = Release|ARM
		{9EB73239-B9AD-4E02-8BE1-4396DFECED40}.AppStore|iPhone.ActiveCfg = Release|x86
		{9EB73239-B9AD-4E02-8BE1-4396DFECED40}.AppStore|iPhone.Build.0 = Release|x86
		{9EB73239-B9AD-4E02-8BE1-4396DFECED40}.AppStore|iPhone.Deploy.0 = Release|x86
		{9EB73239-B9AD-4E02-8BE1-4396DFECED40}.AppStore|iPhoneSimulator.ActiveCfg = Release|x86
		{9EB73239-B9AD-4E02-8BE1-4396DFECED40}.AppStore|iPhoneSimulator.Build.0 = Release|x86
		{9EB73239-B9AD-4E02-8BE1-4396DFECED40}.AppStore|iPhoneSimulator.Deploy.0 = Release|x86
		{9EB73239-B9AD-4E02-8BE1-4396DFECED40}.AppStore|x64.ActiveCfg = Release|x64
		{9EB73239-B9AD-4E02-8BE1-4396DFECED40}.AppStore|x64.Build.0 = Release|x64
		{9EB73239-B9AD-4E02-8BE1-4396DFECED40}.AppStore|x64.Deploy.0 = Release|x64
		{9EB73239-B9AD-4E02-8BE1-4396DFECED40}.AppStore|x86.ActiveCfg = Release|x86
		{9EB73239-B9AD-4E02-8BE1-4396DFECED40}.AppStore|x86.Build.0 = Release|x86
		{9EB73239-B9AD-4E02-8BE1-4396DFECED40}.AppStore|x86.Deploy.0 = Release|x86
		{9EB73239-B9AD-4E02-8BE1-4396DFECED40}.Debug|Any CPU.ActiveCfg = Debug|x86
		{9EB73239-B9AD-4E02-8BE1-4396DFECED40}.Debug|Any CPU.Build.0 = Debug|x86
		{9EB73239-B9AD-4E02-8BE1-4396DFECED40}.Debug|Any CPU.Deploy.0 = Debug|x86
		{9EB73239-B9AD-4E02-8BE1-4396DFECED40}.Debug|ARM.ActiveCfg = Debug|ARM
		{9EB73239-B9AD-4E02-8BE1-4396DFECED40}.Debug|ARM.Build.0 = Debug|ARM
		{9EB73239-B9AD-4E02-8BE1-4396DFECED40}.Debug|ARM.Deploy.0 = Debug|ARM
		{9EB73239-B9AD-4E02-8BE1-4396DFECED40}.Debug|iPhone.ActiveCfg = Debug|x86
		{9EB73239-B9AD-4E02-8BE1-4396DFECED40}.Debug|iPhone.Build.0 = Debug|x86
		{9EB73239-B9AD-4E02-8BE1-4396DFECED40}.Debug|iPhone.Deploy.0 = Debug|x86
		{9EB73239-B9AD-4E02-8BE1-4396DFECED40}.Debug|iPhoneSimulator.ActiveCfg = Debug|x86
		{9EB73239-B9AD-4E02-8BE1-4396DFECED40}.Debug|iPhoneSimulator.Build.0 = Debug|x86
		{9EB73239-B9AD-4E02-8BE1-4396DFECED40}.Debug|iPhoneSimulator.Deploy.0 = Debug|x86
		{9EB73239-B9AD-4E02-8BE1-4396DFECED40}.Debug|x64.ActiveCfg = Debug|x64
		{9EB73239-B9AD-4E02-8BE1-4396DFECED40}.Debug|x64.Build.0 = Debug|x64
		{9EB73239-B9AD-4E02-8BE1-4396DFECED40}.Debug|x64.Deploy.0 = Debug|x64
		{9EB73239-B9AD-4E02-8BE1-4396DFECED40}.Debug|x86.ActiveCfg = Debug|x86
		{9EB73239-B9AD-4E02-8BE1-4396DFECED40}.Debug|x86.Build.0 = Debug|x86
		{9EB73239-B9AD-4E02-8BE1-4396DFECED40}.Debug|x86.Deploy.0 = Debug|x86
		{9EB73239-B9AD-4E02-8BE1-4396DFECED40}.Release|Any CPU.ActiveCfg = Release|x86
		{9EB73239-B9AD-4E02-8BE1-4396DFECED40}.Release|Any CPU.Build.0 = Release|x86
		{9EB73239-B9AD-4E02-8BE1-4396DFECED40}.Release|Any CPU.Deploy.0 = Release|x86
		{9EB73239-B9AD-4E02-8BE1-4396DFECED40}.Release|ARM.ActiveCfg = Release|ARM
		{9EB73239-B9AD-4E02-8BE1-4396DFECED40}.Release|ARM.Build.0 = Release|ARM
		{9EB73239-B9AD-4E02-8BE1-4396DFECED40}.Release|ARM.Deploy.0 = Release|ARM
		{9EB73239-B9AD-4E02-8BE1-4396DFECED40}.Release|iPhone.ActiveCfg = Release|x86
		{9EB73239-B9AD-4E02-8BE1-4396DFECED40}.Release|iPhone.Build.0 = Release|x86
		{9EB73239-B9AD-4E02-8BE1-4396DFECED40}.Release|iPhone.Deploy.0 = Release|x86
		{9EB73239-B9AD-4E02-8BE1-4396DFECED40}.Release|iPhoneSimulator.ActiveCfg = Release|x86
		{9EB73239-B9AD-4E02-8BE1-4396DFECED40}.Release|iPhoneSimulator.Build.0 = Release|x86
		{9EB73239-B9AD-4E02-8BE1-4396DFECED40}.Release|iPhoneSimulator.Deploy.0 = Release|x86
		{9EB73239-B9AD-4E02-8BE1-4396DFECED40}.Release|x64.ActiveCfg = Release|x64
		{9EB73239-B9AD-4E02-8BE1-4396DFECED40}.Release|x64.Build.0 = Release|x64
		{9EB73239-B9AD-4E02-8BE1-4396DFECED40}.Release|x64.Deploy.0 = Release|x64
		{9EB73239-B9AD-4E02-8BE1-4396DFECED40}.Release|x86.ActiveCfg = Release|x86
		{9EB73239-B9AD-4E02-8BE1-4396DFECED40}.Release|x86.Build.0 = Release|x86
		{9EB73239-B9AD-4E02-8BE1-4396DFECED40}.Release|x86.Deploy.0 = Release|x86
		{904408F0-D61C-463A-AC25-9012EFEAE92D}.Ad-Hoc|Any CPU.ActiveCfg = Debug|Any CPU
		{904408F0-D61C-463A-AC25-9012EFEAE92D}.Ad-Hoc|Any CPU.Build.0 = Debug|Any CPU
		{904408F0-D61C-463A-AC25-9012EFEAE92D}.Ad-Hoc|Any CPU.Deploy.0 = Debug|Any CPU
		{904408F0-D61C-463A-AC25-9012EFEAE92D}.Ad-Hoc|ARM.ActiveCfg = Debug|Any CPU
		{904408F0-D61C-463A-AC25-9012EFEAE92D}.Ad-Hoc|ARM.Build.0 = Debug|Any CPU
		{904408F0-D61C-463A-AC25-9012EFEAE92D}.Ad-Hoc|ARM.Deploy.0 = Debug|Any CPU
		{904408F0-D61C-463A-AC25-9012EFEAE92D}.Ad-Hoc|iPhone.ActiveCfg = Debug|Any CPU
		{904408F0-D61C-463A-AC25-9012EFEAE92D}.Ad-Hoc|iPhone.Build.0 = Debug|Any CPU
		{904408F0-D61C-463A-AC25-9012EFEAE92D}.Ad-Hoc|iPhone.Deploy.0 = Debug|Any CPU
		{904408F0-D61C-463A-AC25-9012EFEAE92D}.Ad-Hoc|iPhoneSimulator.ActiveCfg = Debug|Any CPU
		{904408F0-D61C-463A-AC25-9012EFEAE92D}.Ad-Hoc|iPhoneSimulator.Build.0 = Debug|Any CPU
		{904408F0-D61C-463A-AC25-9012EFEAE92D}.Ad-Hoc|iPhoneSimulator.Deploy.0 = Debug|Any CPU
		{904408F0-D61C-463A-AC25-9012EFEAE92D}.Ad-Hoc|x64.ActiveCfg = Debug|Any CPU
		{904408F0-D61C-463A-AC25-9012EFEAE92D}.Ad-Hoc|x64.Build.0 = Debug|Any CPU
		{904408F0-D61C-463A-AC25-9012EFEAE92D}.Ad-Hoc|x64.Deploy.0 = Debug|Any CPU
		{904408F0-D61C-463A-AC25-9012EFEAE92D}.Ad-Hoc|x86.ActiveCfg = Debug|Any CPU
		{904408F0-D61C-463A-AC25-9012EFEAE92D}.Ad-Hoc|x86.Build.0 = Debug|Any CPU
		{904408F0-D61C-463A-AC25-9012EFEAE92D}.Ad-Hoc|x86.Deploy.0 = Debug|Any CPU
		{904408F0-D61C-463A-AC25-9012EFEAE92D}.AppStore|Any CPU.ActiveCfg = Debug|Any CPU
		{904408F0-D61C-463A-AC25-9012EFEAE92D}.AppStore|Any CPU.Build.0 = Debug|Any CPU
		{904408F0-D61C-463A-AC25-9012EFEAE92D}.AppStore|Any CPU.Deploy.0 = Debug|Any CPU
		{904408F0-D61C-463A-AC25-9012EFEAE92D}.AppStore|ARM.ActiveCfg = Debug|Any CPU
		{904408F0-D61C-463A-AC25-9012EFEAE92D}.AppStore|ARM.Build.0 = Debug|Any CPU
		{904408F0-D61C-463A-AC25-9012EFEAE92D}.AppStore|ARM.Deploy.0 = Debug|Any CPU
		{904408F0-D61C-463A-AC25-9012EFEAE92D}.AppStore|iPhone.ActiveCfg = Debug|Any CPU
		{904408F0-D61C-463A-AC25-9012EFEAE92D}.AppStore|iPhone.Build.0 = Debug|Any CPU
		{904408F0-D61C-463A-AC25-9012EFEAE92D}.AppStore|iPhone.Deploy.0 = Debug|Any CPU
		{904408F0-D61C-463A-AC25-9012EFEAE92D}.AppStore|iPhoneSimulator.ActiveCfg = Debug|Any CPU
		{904408F0-D61C-463A-AC25-9012EFEAE92D}.AppStore|iPhoneSimulator.Build.0 = Debug|Any CPU
		{904408F0-D61C-463A-AC25-9012EFEAE92D}.AppStore|iPhoneSimulator.Deploy.0 = Debug|Any CPU
		{904408F0-D61C-463A-AC25-9012EFEAE92D}.AppStore|x64.ActiveCfg = Debug|Any CPU
		{904408F0-D61C-463A-AC25-9012EFEAE92D}.AppStore|x64.Build.0 = Debug|Any CPU
		{904408F0-D61C-463A-AC25-9012EFEAE92D}.AppStore|x64.Deploy.0 = Debug|Any CPU
		{904408F0-D61C-463A-AC25-9012EFEAE92D}.AppStore|x86.ActiveCfg = Debug|Any CPU
		{904408F0-D61C-463A-AC25-9012EFEAE92D}.AppStore|x86.Build.0 = Debug|Any CPU
		{904408F0-D61C-463A-AC25-9012EFEAE92D}.AppStore|x86.Deploy.0 = Debug|Any CPU
		{904408F0-D61C-463A-AC25-9012EFEAE92D}.Debug|Any CPU.ActiveCfg = Debug|Any CPU
		{904408F0-D61C-463A-AC25-9012EFEAE92D}.Debug|Any CPU.Build.0 = Debug|Any CPU
		{904408F0-D61C-463A-AC25-9012EFEAE92D}.Debug|Any CPU.Deploy.0 = Debug|Any CPU
		{904408F0-D61C-463A-AC25-9012EFEAE92D}.Debug|ARM.ActiveCfg = Debug|Any CPU
		{904408F0-D61C-463A-AC25-9012EFEAE92D}.Debug|ARM.Build.0 = Debug|Any CPU
		{904408F0-D61C-463A-AC25-9012EFEAE92D}.Debug|ARM.Deploy.0 = Debug|Any CPU
		{904408F0-D61C-463A-AC25-9012EFEAE92D}.Debug|iPhone.ActiveCfg = Debug|Any CPU
		{904408F0-D61C-463A-AC25-9012EFEAE92D}.Debug|iPhone.Build.0 = Debug|Any CPU
		{904408F0-D61C-463A-AC25-9012EFEAE92D}.Debug|iPhone.Deploy.0 = Debug|Any CPU
		{904408F0-D61C-463A-AC25-9012EFEAE92D}.Debug|iPhoneSimulator.ActiveCfg = Debug|Any CPU
		{904408F0-D61C-463A-AC25-9012EFEAE92D}.Debug|iPhoneSimulator.Build.0 = Debug|Any CPU
		{904408F0-D61C-463A-AC25-9012EFEAE92D}.Debug|iPhoneSimulator.Deploy.0 = Debug|Any CPU
		{904408F0-D61C-463A-AC25-9012EFEAE92D}.Debug|x64.ActiveCfg = Debug|Any CPU
		{904408F0-D61C-463A-AC25-9012EFEAE92D}.Debug|x64.Build.0 = Debug|Any CPU
		{904408F0-D61C-463A-AC25-9012EFEAE92D}.Debug|x64.Deploy.0 = Debug|Any CPU
		{904408F0-D61C-463A-AC25-9012EFEAE92D}.Debug|x86.ActiveCfg = Debug|Any CPU
		{904408F0-D61C-463A-AC25-9012EFEAE92D}.Debug|x86.Build.0 = Debug|Any CPU
		{904408F0-D61C-463A-AC25-9012EFEAE92D}.Debug|x86.Deploy.0 = Debug|Any CPU
		{904408F0-D61C-463A-AC25-9012EFEAE92D}.Release|Any CPU.ActiveCfg = Release|Any CPU
		{904408F0-D61C-463A-AC25-9012EFEAE92D}.Release|Any CPU.Build.0 = Release|Any CPU
		{904408F0-D61C-463A-AC25-9012EFEAE92D}.Release|Any CPU.Deploy.0 = Release|Any CPU
		{904408F0-D61C-463A-AC25-9012EFEAE92D}.Release|ARM.ActiveCfg = Release|Any CPU
		{904408F0-D61C-463A-AC25-9012EFEAE92D}.Release|ARM.Build.0 = Release|Any CPU
		{904408F0-D61C-463A-AC25-9012EFEAE92D}.Release|ARM.Deploy.0 = Release|Any CPU
		{904408F0-D61C-463A-AC25-9012EFEAE92D}.Release|iPhone.ActiveCfg = Release|Any CPU
		{904408F0-D61C-463A-AC25-9012EFEAE92D}.Release|iPhone.Build.0 = Release|Any CPU
		{904408F0-D61C-463A-AC25-9012EFEAE92D}.Release|iPhone.Deploy.0 = Release|Any CPU
		{904408F0-D61C-463A-AC25-9012EFEAE92D}.Release|iPhoneSimulator.ActiveCfg = Release|Any CPU
		{904408F0-D61C-463A-AC25-9012EFEAE92D}.Release|iPhoneSimulator.Build.0 = Release|Any CPU
		{904408F0-D61C-463A-AC25-9012EFEAE92D}.Release|iPhoneSimulator.Deploy.0 = Release|Any CPU
		{904408F0-D61C-463A-AC25-9012EFEAE92D}.Release|x64.ActiveCfg = Release|Any CPU
		{904408F0-D61C-463A-AC25-9012EFEAE92D}.Release|x64.Build.0 = Release|Any CPU
		{904408F0-D61C-463A-AC25-9012EFEAE92D}.Release|x64.Deploy.0 = Release|Any CPU
		{904408F0-D61C-463A-AC25-9012EFEAE92D}.Release|x86.ActiveCfg = Release|Any CPU
		{904408F0-D61C-463A-AC25-9012EFEAE92D}.Release|x86.Build.0 = Release|Any CPU
		{904408F0-D61C-463A-AC25-9012EFEAE92D}.Release|x86.Deploy.0 = Release|Any CPU
	EndGlobalSection
	GlobalSection(SolutionProperties) = preSolution
		HideSolutionNode = FALSE
	EndGlobalSection
	GlobalSection(ExtensibilityGlobals) = postSolution
		SolutionGuid = {28D249B1-ABA0-4F57-883B-13978707E509}
	EndGlobalSection
EndGlobal
